
Microsoft Visual Studio Solution File, Format Version 12.00
# Visual Studio 15
VisualStudioVersion = 15.0.26730.12
MinimumVisualStudioVersion = 10.0.40219.1
Project("{9A19103F-16F7-4668-BE54-9A1E7A4F7556}") = "SlackerRank_preAlpha", "SlackerRank_preAlpha\SlackerRank_preAlpha.csproj", "{3AFBFD8D-A5C1-4882-99D8-6B6DF2179B80}"
EndProject
Project("{FAE04EC0-301F-11D3-BF4B-00C04F79EFBC}") = "CompilerConsole", "CompilerConsole\CompilerConsole.csproj", "{3420B564-EAA2-4955-9FDA-A84DD918D005}"
EndProject
Project("{FAE04EC0-301F-11D3-BF4B-00C04F79EFBC}") = "SlackerRankAPI", "SlackerRankAPI\SlackerRankAPI.csproj", "{FB534FE7-8F2E-4F4A-B5FB-5BA5FD6420E3}"
EndProject
Global
	GlobalSection(SolutionConfigurationPlatforms) = preSolution
		Debug|Any CPU = Debug|Any CPU
		Release|Any CPU = Release|Any CPU
	EndGlobalSection
	GlobalSection(ProjectConfigurationPlatforms) = postSolution
		{3AFBFD8D-A5C1-4882-99D8-6B6DF2179B80}.Debug|Any CPU.ActiveCfg = Debug|Any CPU
		{3AFBFD8D-A5C1-4882-99D8-6B6DF2179B80}.Debug|Any CPU.Build.0 = Debug|Any CPU
		{3AFBFD8D-A5C1-4882-99D8-6B6DF2179B80}.Release|Any CPU.ActiveCfg = Release|Any CPU
		{3AFBFD8D-A5C1-4882-99D8-6B6DF2179B80}.Release|Any CPU.Build.0 = Release|Any CPU
		{3420B564-EAA2-4955-9FDA-A84DD918D005}.Debug|Any CPU.ActiveCfg = Debug|Any CPU
		{3420B564-EAA2-4955-9FDA-A84DD918D005}.Debug|Any CPU.Build.0 = Debug|Any CPU
		{3420B564-EAA2-4955-9FDA-A84DD918D005}.Release|Any CPU.ActiveCfg = Release|Any CPU
		{3420B564-EAA2-4955-9FDA-A84DD918D005}.Release|Any CPU.Build.0 = Release|Any CPU
		{FB534FE7-8F2E-4F4A-B5FB-5BA5FD6420E3}.Debug|Any CPU.ActiveCfg = Debug|Any CPU
		{FB534FE7-8F2E-4F4A-B5FB-5BA5FD6420E3}.Debug|Any CPU.Build.0 = Debug|Any CPU
		{FB534FE7-8F2E-4F4A-B5FB-5BA5FD6420E3}.Release|Any CPU.ActiveCfg = Release|Any CPU
		{FB534FE7-8F2E-4F4A-B5FB-5BA5FD6420E3}.Release|Any CPU.Build.0 = Release|Any CPU
	EndGlobalSection
	GlobalSection(SolutionProperties) = preSolution
		HideSolutionNode = FALSE
	EndGlobalSection
	GlobalSection(ExtensibilityGlobals) = postSolution
		SolutionGuid = {64C68CB4-334F-45A2-BC55-0D80C45FC560}
	EndGlobalSection
EndGlobal
