
Microsoft Visual Studio Solution File, Format Version 12.00
# Visual Studio 15
VisualStudioVersion = 15.0.26730.8
MinimumVisualStudioVersion = 10.0.40219.1
Project("{9A19103F-16F7-4668-BE54-9A1E7A4F7556}") = "SlackerRank_preAlpha", "SlackerRank_preAlpha\SlackerRank_preAlpha.csproj", "{3AFBFD8D-A5C1-4882-99D8-6B6DF2179B80}"
EndProject
Project("{FAE04EC0-301F-11D3-BF4B-00C04F79EFBC}") = "CompilerConsole", "CompilerConsole\CompilerConsole.csproj", "{3420B564-EAA2-4955-9FDA-A84DD918D005}"
EndProject
Project("{FAE04EC0-301F-11D3-BF4B-00C04F79EFBC}") = "SlackerRankData", "SlackerRankData\SlackerRankData.csproj", "{0DED4895-87B6-4828-91CA-B3CAED98D2D1}"
EndProject
Project("{9A19103F-16F7-4668-BE54-9A1E7A4F7556}") = "ConsoleApp1", "ConsoleApp1\ConsoleApp1.csproj", "{428385C4-236F-4B15-A822-1658EB6F02AA}"
EndProject
Project("{9A19103F-16F7-4668-BE54-9A1E7A4F7556}") = "DatatoLogic2", "DatatoLogic2\DatatoLogic2.csproj", "{FAA0D99A-67A4-415C-B366-470C2DCD1F48}"
EndProject
Global
	GlobalSection(SolutionConfigurationPlatforms) = preSolution
		Debug|Any CPU = Debug|Any CPU
		Release|Any CPU = Release|Any CPU
	EndGlobalSection
	GlobalSection(ProjectConfigurationPlatforms) = postSolution
		{3AFBFD8D-A5C1-4882-99D8-6B6DF2179B80}.Debug|Any CPU.ActiveCfg = Debug|Any CPU
		{3AFBFD8D-A5C1-4882-99D8-6B6DF2179B80}.Debug|Any CPU.Build.0 = Debug|Any CPU
		{3AFBFD8D-A5C1-4882-99D8-6B6DF2179B80}.Release|Any CPU.ActiveCfg = Release|Any CPU
		{3AFBFD8D-A5C1-4882-99D8-6B6DF2179B80}.Release|Any CPU.Build.0 = Release|Any CPU
		{3420B564-EAA2-4955-9FDA-A84DD918D005}.Debug|Any CPU.ActiveCfg = Debug|Any CPU
		{3420B564-EAA2-4955-9FDA-A84DD918D005}.Debug|Any CPU.Build.0 = Debug|Any CPU
		{3420B564-EAA2-4955-9FDA-A84DD918D005}.Release|Any CPU.ActiveCfg = Release|Any CPU
		{3420B564-EAA2-4955-9FDA-A84DD918D005}.Release|Any CPU.Build.0 = Release|Any CPU
		{0DED4895-87B6-4828-91CA-B3CAED98D2D1}.Debug|Any CPU.ActiveCfg = Debug|Any CPU
		{0DED4895-87B6-4828-91CA-B3CAED98D2D1}.Debug|Any CPU.Build.0 = Debug|Any CPU
		{0DED4895-87B6-4828-91CA-B3CAED98D2D1}.Release|Any CPU.ActiveCfg = Release|Any CPU
		{0DED4895-87B6-4828-91CA-B3CAED98D2D1}.Release|Any CPU.Build.0 = Release|Any CPU
		{428385C4-236F-4B15-A822-1658EB6F02AA}.Debug|Any CPU.ActiveCfg = Debug|Any CPU
		{428385C4-236F-4B15-A822-1658EB6F02AA}.Debug|Any CPU.Build.0 = Debug|Any CPU
		{428385C4-236F-4B15-A822-1658EB6F02AA}.Release|Any CPU.ActiveCfg = Release|Any CPU
		{428385C4-236F-4B15-A822-1658EB6F02AA}.Release|Any CPU.Build.0 = Release|Any CPU
		{FAA0D99A-67A4-415C-B366-470C2DCD1F48}.Debug|Any CPU.ActiveCfg = Debug|Any CPU
		{FAA0D99A-67A4-415C-B366-470C2DCD1F48}.Debug|Any CPU.Build.0 = Debug|Any CPU
		{FAA0D99A-67A4-415C-B366-470C2DCD1F48}.Release|Any CPU.ActiveCfg = Release|Any CPU
		{FAA0D99A-67A4-415C-B366-470C2DCD1F48}.Release|Any CPU.Build.0 = Release|Any CPU
	EndGlobalSection
	GlobalSection(SolutionProperties) = preSolution
		HideSolutionNode = FALSE
	EndGlobalSection
	GlobalSection(ExtensibilityGlobals) = postSolution
		SolutionGuid = {64C68CB4-334F-45A2-BC55-0D80C45FC560}
	EndGlobalSection
EndGlobal
